# THIS IS AN AUTOGENERATED FILE. DO NOT EDIT THIS FILE DIRECTLY.
# yarn lockfile v1


"@types/node@10.10.2":
  version "10.10.2"
  resolved "https://registry.yarnpkg.com/@types/node/-/node-10.10.2.tgz#2a55b8d66f6945efc5da38489774e551248aa169"
  integrity sha512-yg1zoc4aUbsVyKg2eMpmNthOI+Edn2ntiLRxHjhGeFtTwg3CORdqkY0tBZh+TNPnTTtf4iyU5TVxbHVdEjrDTQ==

assert@1.4.1:
  version "1.4.1"
  resolved "https://registry.yarnpkg.com/assert/-/assert-1.4.1.tgz#99912d591836b5a6f5b345c0f07eefc08fc65d91"
  integrity sha1-mZEtWRg2tab1s0XA8H7vwI/GXZE=
  dependencies:
    util "0.10.3"

buffer-from@^1.0.0:
  version "1.1.1"
  resolved "https://registry.yarnpkg.com/buffer-from/-/buffer-from-1.1.1.tgz#32713bc028f75c02fdb710d7c7bcec1f2c6070ef"
  integrity sha512-MQcXEUbCKtEo7bhqEs6560Hyd4XaovZlO/k9V3hjVUF/zwW7KBVdSK4gIt/bzwS9MbR5qob+F5jusZsb0YQK2A==

colors@1.3.2:
  version "1.3.2"
  resolved "https://registry.yarnpkg.com/colors/-/colors-1.3.2.tgz#2df8ff573dfbf255af562f8ce7181d6b971a359b"
  integrity sha512-rhP0JSBGYvpcNQj4s5AdShMeE5ahMop96cTeDl/v9qQQm2fYClE2QXZRi8wLzc+GmXSxdIqqbOIAhyObEXDbfQ==

commander@2.19.0:
  version "2.19.0"
  resolved "https://registry.yarnpkg.com/commander/-/commander-2.19.0.tgz#f6198aa84e5b83c46054b94ddedbfed5ee9ff12a"
  integrity sha512-6tvAOO+D6OENvRAh524Dh9jcfKTYDQAqvqezbCW82xj5X0pSrcpxtvRKHLG0yBY6SD7PSDrJaj+0AiOcKVd1Xg==

"dada-js@git+https://chitson1990@bitbucket.org/chitson1990/dada-js.git":
  version "1.2.1"
  resolved "git+https://chitson1990@bitbucket.org/chitson1990/dada-js.git#3a96841310913deeeea418d9debf912c6e64588a"
  dependencies:
    lodash "4.17.11"

inherits@2.0.1:
  version "2.0.1"
  resolved "https://registry.yarnpkg.com/inherits/-/inherits-2.0.1.tgz#b17d08d326b4423e568eff719f91b0b1cbdf69f1"
  integrity sha1-sX0I0ya0Qj5Wjv9xn5GwscvfafE=

lodash@4.17.11:
  version "4.17.11"
  resolved "https://registry.yarnpkg.com/lodash/-/lodash-4.17.11.tgz#b39ea6229ef607ecd89e2c8df12536891cac9b8d"
  integrity sha512-cQKh8igo5QUhZ7lg38DYWAxMvjSAKG0A8wGSVimP07SIUEK2UO+arSRKbRZWtelMtN5V0Hkwh5ryOto/SshYIg==

"muchi-ts@git+https://chitson1990@bitbucket.org/chitson1990/muchi-ts.git":
  version "2.0.1"
  resolved "git+https://chitson1990@bitbucket.org/chitson1990/muchi-ts.git#ca2f586a4645bdc8960665788509828c3ef0e118"
  dependencies:
    "@types/node" "10.10.2"
    assert "1.4.1"
    colors "1.3.2"
    commander "2.19.0"
    dada-js "git+https://chitson1990@bitbucket.org/chitson1990/dada-js.git"
    reflect-metadata "0.1.12"
    source-map-support "0.5.9"
    typescript "3.1.3"

reflect-metadata@0.1.12:
  version "0.1.12"
  resolved "https://registry.yarnpkg.com/reflect-metadata/-/reflect-metadata-0.1.12.tgz#311bf0c6b63cd782f228a81abe146a2bfa9c56f2"
  integrity sha512-n+IyV+nGz3+0q3/Yf1ra12KpCyi001bi4XFxSjbiWWjfqb52iTTtpGXmCCAOWWIAn9KEuFZKGqBERHmrtScZ3A==

source-map-support@0.5.9:
  version "0.5.9"
  resolved "https://registry.yarnpkg.com/source-map-support/-/source-map-support-0.5.9.tgz#41bc953b2534267ea2d605bccfa7bfa3111ced5f"
  integrity sha512-gR6Rw4MvUlYy83vP0vxoVNzM6t8MUXqNuRsuBmBHQDu1Fh6X015FrLdgoDKcNdkwGubozq0P4N0Q37UyFVr1EA==
  dependencies:
    buffer-from "^1.0.0"
    source-map "^0.6.0"

source-map@^0.6.0:
  version "0.6.1"
  resolved "https://registry.yarnpkg.com/source-map/-/source-map-0.6.1.tgz#74722af32e9614e9c287a8d0bbde48b5e2f1a263"
  integrity sha512-UjgapumWlbMhkBgzT7Ykc5YXUT46F0iKu8SGXq0bcwP5dz/h0Plj6enJqjz1Zbq2l5WaqYnrVbwWOWMyF3F47g==

typescript@3.1.3:
  version "3.1.3"
  resolved "https://registry.yarnpkg.com/typescript/-/typescript-3.1.3.tgz#01b70247a6d3c2467f70c45795ef5ea18ce191d5"
  integrity sha512-+81MUSyX+BaSo+u2RbozuQk/UWx6hfG0a5gHu4ANEM4sU96XbuIyAB+rWBW1u70c6a5QuZfuYICn3s2UjuHUpA==

util@0.10.3:
  version "0.10.3"
  resolved "https://registry.yarnpkg.com/util/-/util-0.10.3.tgz#7afb1afe50805246489e3db7fe0ed379336ac0f9"
  integrity sha1-evsa/lCAUkZInj23/g7TeTNqwPk=
  dependencies:
    inherits "2.0.1"
